{
  "originHash" : "648dc4a173f329932ee01c9172f2f8917e571a86ffd13c0752bc9726873063ec",
  "pins" : [
    {
      "identity" : "legitimuz-sdk-ios",
      "kind" : "remoteSourceControl",
      "location" : "https://github.com/Legitimuz-Tech/legitimuz-sdk-ios",
      "state" : {
        "revision" : "05ae040284787b8400288564acb8a871a1ec7b8d",
        "version" : "2.3.2"
      }
    }
  ],
  "version" : 3
}
